// !$*UTF8*$!
{
	archiveVersion = 1;
	classes = {
	};
	objectVersion = 46;
	objects = {

/* Begin PBXBuildFile section */
		4515DF421449EB19009CBCA4 /* README.md in Resources */ = {isa = PBXBuildFile; fileRef = 4515DF411449EB19009CBCA4 /* README.md */; };
		4523F21A13B7181800C883E5 /* UIKit.framework in Frameworks */ = {isa = PBXBuildFile; fileRef = 4523F21913B7181800C883E5 /* UIKit.framework */; };
		4523F21C13B7181900C883E5 /* Foundation.framework in Frameworks */ = {isa = PBXBuildFile; fileRef = 4523F21B13B7181900C883E5 /* Foundation.framework */; };
		4523F21E13B7181900C883E5 /* CoreGraphics.framework in Frameworks */ = {isa = PBXBuildFile; fileRef = 4523F21D13B7181900C883E5 /* CoreGraphics.framework */; };
		4523F22713B7181900C883E5 /* main.m in Sources */ = {isa = PBXBuildFile; fileRef = 4523F22613B7181900C883E5 /* main.m */; };
		4523F22A13B7181900C883E5 /* DemoAppDelegate.m in Sources */ = {isa = PBXBuildFile; fileRef = 4523F22913B7181900C883E5 /* DemoAppDelegate.m */; };
		4523F23813B7190C00C883E5 /* QuartzCore.framework in Frameworks */ = {isa = PBXBuildFile; fileRef = 4523F23713B7190C00C883E5 /* QuartzCore.framework */; };
		4541749A1611E3900043C760 /* cell.png in Resources */ = {isa = PBXBuildFile; fileRef = 454174981611E3900043C760 /* cell.png */; };
		4541749B1611E3900043C760 /* cell@2x.png in Resources */ = {isa = PBXBuildFile; fileRef = 454174991611E3900043C760 /* cell@2x.png */; };
		457DB74F160F8DF80009B5F4 /* VCGridView.m in Sources */ = {isa = PBXBuildFile; fileRef = 457DB74A160F8DF80009B5F4 /* VCGridView.m */; };
		457DB750160F8DF80009B5F4 /* VCGridViewCell.m in Sources */ = {isa = PBXBuildFile; fileRef = 457DB74C160F8DF80009B5F4 /* VCGridViewCell.m */; };
		457DB751160F8DF80009B5F4 /* VCGridViewController.m in Sources */ = {isa = PBXBuildFile; fileRef = 457DB74E160F8DF80009B5F4 /* VCGridViewController.m */; };
		45B7620813B7258A005ACEA1 /* RootViewController.m in Sources */ = {isa = PBXBuildFile; fileRef = 45B7620713B7258A005ACEA1 /* RootViewController.m */; };
		45EFADB11402983300A0D5E8 /* check.png in Resources */ = {isa = PBXBuildFile; fileRef = 45EFADAE1402983300A0D5E8 /* check.png */; };
		45EFADB21402983300A0D5E8 /* check@2x.png in Resources */ = {isa = PBXBuildFile; fileRef = 45EFADAF1402983300A0D5E8 /* check@2x.png */; };
/* End PBXBuildFile section */

/* Begin PBXFileReference section */
		4515DF411449EB19009CBCA4 /* README.md */ = {isa = PBXFileReference; fileEncoding = 4; lastKnownFileType = text; name = README.md; path = ../README.md; sourceTree = "<group>"; };
		4523F21513B7181800C883E5 /* Demo.app */ = {isa = PBXFileReference; explicitFileType = wrapper.application; includeInIndex = 0; path = Demo.app; sourceTree = BUILT_PRODUCTS_DIR; };
		4523F21913B7181800C883E5 /* UIKit.framework */ = {isa = PBXFileReference; lastKnownFileType = wrapper.framework; name = UIKit.framework; path = System/Library/Frameworks/UIKit.framework; sourceTree = SDKROOT; };
		4523F21B13B7181900C883E5 /* Foundation.framework */ = {isa = PBXFileReference; lastKnownFileType = wrapper.framework; name = Foundation.framework; path = System/Library/Frameworks/Foundation.framework; sourceTree = SDKROOT; };
		4523F21D13B7181900C883E5 /* CoreGraphics.framework */ = {isa = PBXFileReference; lastKnownFileType = wrapper.framework; name = CoreGraphics.framework; path = System/Library/Frameworks/CoreGraphics.framework; sourceTree = SDKROOT; };
		4523F22113B7181900C883E5 /* Demo-Info.plist */ = {isa = PBXFileReference; lastKnownFileType = text.plist.xml; path = "Demo-Info.plist"; sourceTree = "<group>"; };
		4523F22513B7181900C883E5 /* Demo-Prefix.pch */ = {isa = PBXFileReference; lastKnownFileType = sourcecode.c.h; path = "Demo-Prefix.pch"; sourceTree = "<group>"; };
		4523F22613B7181900C883E5 /* main.m */ = {isa = PBXFileReference; lastKnownFileType = sourcecode.c.objc; path = main.m; sourceTree = "<group>"; };
		4523F22813B7181900C883E5 /* DemoAppDelegate.h */ = {isa = PBXFileReference; lastKnownFileType = sourcecode.c.h; path = DemoAppDelegate.h; sourceTree = "<group>"; };
		4523F22913B7181900C883E5 /* DemoAppDelegate.m */ = {isa = PBXFileReference; lastKnownFileType = sourcecode.c.objc; path = DemoAppDelegate.m; sourceTree = "<group>"; };
		4523F23713B7190C00C883E5 /* QuartzCore.framework */ = {isa = PBXFileReference; lastKnownFileType = wrapper.framework; name = QuartzCore.framework; path = System/Library/Frameworks/QuartzCore.framework; sourceTree = SDKROOT; };
		454174981611E3900043C760 /* cell.png */ = {isa = PBXFileReference; lastKnownFileType = image.png; path = cell.png; sourceTree = "<group>"; };
		454174991611E3900043C760 /* cell@2x.png */ = {isa = PBXFileReference; lastKnownFileType = image.png; path = "cell@2x.png"; sourceTree = "<group>"; };
		457DB749160F8DF80009B5F4 /* VCGridView.h */ = {isa = PBXFileReference; fileEncoding = 4; lastKnownFileType = sourcecode.c.h; path = VCGridView.h; sourceTree = "<group>"; };
		457DB74A160F8DF80009B5F4 /* VCGridView.m */ = {isa = PBXFileReference; fileEncoding = 4; lastKnownFileType = sourcecode.c.objc; path = VCGridView.m; sourceTree = "<group>"; };
		457DB74B160F8DF80009B5F4 /* VCGridViewCell.h */ = {isa = PBXFileReference; fileEncoding = 4; lastKnownFileType = sourcecode.c.h; path = VCGridViewCell.h; sourceTree = "<group>"; };
		457DB74C160F8DF80009B5F4 /* VCGridViewCell.m */ = {isa = PBXFileReference; fileEncoding = 4; lastKnownFileType = sourcecode.c.objc; path = VCGridViewCell.m; sourceTree = "<group>"; };
		457DB74D160F8DF80009B5F4 /* VCGridViewController.h */ = {isa = PBXFileReference; fileEncoding = 4; lastKnownFileType = sourcecode.c.h; path = VCGridViewController.h; sourceTree = "<group>"; };
		457DB74E160F8DF80009B5F4 /* VCGridViewController.m */ = {isa = PBXFileReference; fileEncoding = 4; lastKnownFileType = sourcecode.c.objc; path = VCGridViewController.m; sourceTree = "<group>"; };
		45B7620613B7258A005ACEA1 /* RootViewController.h */ = {isa = PBXFileReference; fileEncoding = 4; lastKnownFileType = sourcecode.c.h; path = RootViewController.h; sourceTree = "<group>"; };
		45B7620713B7258A005ACEA1 /* RootViewController.m */ = {isa = PBXFileReference; fileEncoding = 4; lastKnownFileType = sourcecode.c.objc; path = RootViewController.m; sourceTree = "<group>"; };
		45EFADAE1402983300A0D5E8 /* check.png */ = {isa = PBXFileReference; lastKnownFileType = image.png; path = check.png; sourceTree = "<group>"; };
		45EFADAF1402983300A0D5E8 /* check@2x.png */ = {isa = PBXFileReference; lastKnownFileType = image.png; path = "check@2x.png"; sourceTree = "<group>"; };
/* End PBXFileReference section */

/* Begin PBXFrameworksBuildPhase section */
		4523F21213B7181800C883E5 /* Frameworks */ = {
			isa = PBXFrameworksBuildPhase;
			buildActionMask = 2147483647;
			files = (
				4523F23813B7190C00C883E5 /* QuartzCore.framework in Frameworks */,
				4523F21A13B7181800C883E5 /* UIKit.framework in Frameworks */,
				4523F21C13B7181900C883E5 /* Foundation.framework in Frameworks */,
				4523F21E13B7181900C883E5 /* CoreGraphics.framework in Frameworks */,
			);
			runOnlyForDeploymentPostprocessing = 0;
		};
/* End PBXFrameworksBuildPhase section */

/* Begin PBXGroup section */
		4523F20A13B7181800C883E5 = {
			isa = PBXGroup;
			children = (
				4515DF411449EB19009CBCA4 /* README.md */,
				4523F21F13B7181900C883E5 /* Demo */,
				4523F21813B7181800C883E5 /* Frameworks */,
				4523F21613B7181800C883E5 /* Products */,
			);
			sourceTree = "<group>";
		};
		4523F21613B7181800C883E5 /* Products */ = {
			isa = PBXGroup;
			children = (
				4523F21513B7181800C883E5 /* Demo.app */,
			);
			name = Products;
			sourceTree = "<group>";
		};
		4523F21813B7181800C883E5 /* Frameworks */ = {
			isa = PBXGroup;
			children = (
				4523F23713B7190C00C883E5 /* QuartzCore.framework */,
				4523F21913B7181800C883E5 /* UIKit.framework */,
				4523F21B13B7181900C883E5 /* Foundation.framework */,
				4523F21D13B7181900C883E5 /* CoreGraphics.framework */,
			);
			name = Frameworks;
			sourceTree = "<group>";
		};
		4523F21F13B7181900C883E5 /* Demo */ = {
			isa = PBXGroup;
			children = (
				457DB748160F8DF80009B5F4 /* VCGridView */,
				45B7620613B7258A005ACEA1 /* RootViewController.h */,
				45B7620713B7258A005ACEA1 /* RootViewController.m */,
				4523F22813B7181900C883E5 /* DemoAppDelegate.h */,
				4523F22913B7181900C883E5 /* DemoAppDelegate.m */,
				4523F22013B7181900C883E5 /* Supporting Files */,
				45B7622613B7280D005ACEA1 /* Resources */,
			);
			path = Demo;
			sourceTree = "<group>";
		};
		4523F22013B7181900C883E5 /* Supporting Files */ = {
			isa = PBXGroup;
			children = (
				4523F22113B7181900C883E5 /* Demo-Info.plist */,
				4523F22513B7181900C883E5 /* Demo-Prefix.pch */,
				4523F22613B7181900C883E5 /* main.m */,
			);
			name = "Supporting Files";
			sourceTree = "<group>";
		};
		457DB748160F8DF80009B5F4 /* VCGridView */ = {
			isa = PBXGroup;
			children = (
				457DB749160F8DF80009B5F4 /* VCGridView.h */,
				457DB74A160F8DF80009B5F4 /* VCGridView.m */,
				457DB74B160F8DF80009B5F4 /* VCGridViewCell.h */,
				457DB74C160F8DF80009B5F4 /* VCGridViewCell.m */,
				457DB74D160F8DF80009B5F4 /* VCGridViewController.h */,
				457DB74E160F8DF80009B5F4 /* VCGridViewController.m */,
			);
			name = VCGridView;
			path = ../../VCGridView;
			sourceTree = "<group>";
		};
		45B7622613B7280D005ACEA1 /* Resources */ = {
			isa = PBXGroup;
			children = (
				454174981611E3900043C760 /* cell.png */,
				454174991611E3900043C760 /* cell@2x.png */,
				45EFADAE1402983300A0D5E8 /* check.png */,
				45EFADAF1402983300A0D5E8 /* check@2x.png */,
			);
			path = Resources;
			sourceTree = "<group>";
		};
/* End PBXGroup section */

/* Begin PBXNativeTarget section */
		4523F21413B7181800C883E5 /* Demo */ = {
			isa = PBXNativeTarget;
			buildConfigurationList = 4523F23013B7181900C883E5 /* Build configuration list for PBXNativeTarget "Demo" */;
			buildPhases = (
				4523F21113B7181800C883E5 /* Sources */,
				4523F21213B7181800C883E5 /* Frameworks */,
				4523F21313B7181800C883E5 /* Resources */,
			);
			buildRules = (
			);
			dependencies = (
			);
			name = Demo;
			productName = Demo;
			productReference = 4523F21513B7181800C883E5 /* Demo.app */;
			productType = "com.apple.product-type.application";
		};
/* End PBXNativeTarget section */

/* Begin PBXProject section */
		4523F20C13B7181800C883E5 /* Project object */ = {
			isa = PBXProject;
			attributes = {
				LastUpgradeCheck = 0450;
				ORGANIZATIONNAME = "Vinay Chavan";
			};
			buildConfigurationList = 4523F20F13B7181800C883E5 /* Build configuration list for PBXProject "Demo" */;
			compatibilityVersion = "Xcode 3.2";
			developmentRegion = English;
			hasScannedForEncodings = 0;
			knownRegions = (
				en,
			);
			mainGroup = 4523F20A13B7181800C883E5;
			productRefGroup = 4523F21613B7181800C883E5 /* Products */;
			projectDirPath = "";
			projectRoot = "";
			targets = (
				4523F21413B7181800C883E5 /* Demo */,
			);
		};
/* End PBXProject section */

/* Begin PBXResourcesBuildPhase section */
		4523F21313B7181800C883E5 /* Resources */ = {
			isa = PBXResourcesBuildPhase;
			buildActionMask = 2147483647;
			files = (
				45EFADB11402983300A0D5E8 /* check.png in Resources */,
				45EFADB21402983300A0D5E8 /* check@2x.png in Resources */,
				4515DF421449EB19009CBCA4 /* README.md in Resources */,
				4541749A1611E3900043C760 /* cell.png in Resources */,
				4541749B1611E3900043C760 /* cell@2x.png in Resources */,
			);
			runOnlyForDeploymentPostprocessing = 0;
		};
/* End PBXResourcesBuildPhase section */

/* Begin PBXSourcesBuildPhase section */
		4523F21113B7181800C883E5 /* Sources */ = {
			isa = PBXSourcesBuildPhase;
			buildActionMask = 2147483647;
			files = (
				4523F22713B7181900C883E5 /* main.m in Sources */,
				4523F22A13B7181900C883E5 /* DemoAppDelegate.m in Sources */,
				45B7620813B7258A005ACEA1 /* RootViewController.m in Sources */,
				457DB74F160F8DF80009B5F4 /* VCGridView.m in Sources */,
				457DB750160F8DF80009B5F4 /* VCGridViewCell.m in Sources */,
				457DB751160F8DF80009B5F4 /* VCGridViewController.m in Sources */,
			);
			runOnlyForDeploymentPostprocessing = 0;
		};
/* End PBXSourcesBuildPhase section */

/* Begin XCBuildConfiguration section */
		4523F22E13B7181900C883E5 /* Debug */ = {
			isa = XCBuildConfiguration;
			buildSettings = {
				ARCHS = "$(ARCHS_STANDARD_32_BIT)";
				"CODE_SIGN_IDENTITY[sdk=iphoneos*]" = "iPhone Developer";
				GCC_C_LANGUAGE_STANDARD = gnu99;
				GCC_OPTIMIZATION_LEVEL = 0;
				GCC_PREPROCESSOR_DEFINITIONS = DEBUG;
				GCC_SYMBOLS_PRIVATE_EXTERN = NO;
				GCC_VERSION = com.apple.compilers.llvmgcc42;
				GCC_WARN_ABOUT_RETURN_TYPE = YES;
				GCC_WARN_UNUSED_VARIABLE = YES;
				IPHONEOS_DEPLOYMENT_TARGET = 4.3;
				SDKROOT = iphoneos;
			};
			name = Debug;
		};
		4523F22F13B7181900C883E5 /* Release */ = {
			isa = XCBuildConfiguration;
			buildSettings = {
				ARCHS = "$(ARCHS_STANDARD_32_BIT)";
				"CODE_SIGN_IDENTITY[sdk=iphoneos*]" = "iPhone Developer";
				GCC_C_LANGUAGE_STANDARD = gnu99;
				GCC_VERSION = com.apple.compilers.llvmgcc42;
				GCC_WARN_ABOUT_RETURN_TYPE = YES;
				GCC_WARN_UNUSED_VARIABLE = YES;
				IPHONEOS_DEPLOYMENT_TARGET = 4.3;
				OTHER_CFLAGS = "-DNS_BLOCK_ASSERTIONS=1";
				SDKROOT = iphoneos;
			};
			name = Release;
		};
		4523F23113B7181900C883E5 /* Debug */ = {
			isa = XCBuildConfiguration;
			buildSettings = {
				ALWAYS_SEARCH_USER_PATHS = NO;
				CODE_SIGN_IDENTITY = "iPhone Developer: Vinay Chavan (N7LGFY7U92)";
				"CODE_SIGN_IDENTITY[sdk=iphoneos*]" = "iPhone Developer: Vinay Chavan (N7LGFY7U92)";
				COPY_PHASE_STRIP = NO;
				GCC_DYNAMIC_NO_PIC = NO;
				GCC_PRECOMPILE_PREFIX_HEADER = YES;
				GCC_PREFIX_HEADER = "Demo/Demo-Prefix.pch";
				GCC_VERSION = "";
				INFOPLIST_FILE = "Demo/Demo-Info.plist";
				IPHONEOS_DEPLOYMENT_TARGET = 5.0;
				PRODUCT_NAME = "$(TARGET_NAME)";
				PROVISIONING_PROFILE = "25154470-8528-4122-A406-B8EF2C88D5BA";
				"PROVISIONING_PROFILE[sdk=iphoneos*]" = "25154470-8528-4122-A406-B8EF2C88D5BA";
				TARGETED_DEVICE_FAMILY = "1,2";
				WRAPPER_EXTENSION = app;
			};
			name = Debug;
		};
		4523F23213B7181900C883E5 /* Release */ = {
			isa = XCBuildConfiguration;
			buildSettings = {
				ALWAYS_SEARCH_USER_PATHS = NO;
				CODE_SIGN_IDENTITY = "iPhone Developer: Vinay Chavan (N7LGFY7U92)";
				"CODE_SIGN_IDENTITY[sdk=iphoneos*]" = "iPhone Developer: Vinay Chavan (N7LGFY7U92)";
				COPY_PHASE_STRIP = YES;
				GCC_PRECOMPILE_PREFIX_HEADER = YES;
				GCC_PREFIX_HEADER = "Demo/Demo-Prefix.pch";
				GCC_VERSION = "";
				INFOPLIST_FILE = "Demo/Demo-Info.plist";
				IPHONEOS_DEPLOYMENT_TARGET = 5.0;
				PRODUCT_NAME = "$(TARGET_NAME)";
				PROVISIONING_PROFILE = "25154470-8528-4122-A406-B8EF2C88D5BA";
				"PROVISIONING_PROFILE[sdk=iphoneos*]" = "25154470-8528-4122-A406-B8EF2C88D5BA";
				TARGETED_DEVICE_FAMILY = "1,2";
				VALIDATE_PRODUCT = YES;
				WRAPPER_EXTENSION = app;
			};
			name = Release;
		};
/* End XCBuildConfiguration section */

/* Begin XCConfigurationList section */
		4523F20F13B7181800C883E5 /* Build configuration list for PBXProject "Demo" */ = {
			isa = XCConfigurationList;
			buildConfigurations = (
				4523F22E13B7181900C883E5 /* Debug */,
				4523F22F13B7181900C883E5 /* Release */,
			);
			defaultConfigurationIsVisible = 0;
			defaultConfigurationName = Release;
		};
		4523F23013B7181900C883E5 /* Build configuration list for PBXNativeTarget "Demo" */ = {
			isa = XCConfigurationList;
			buildConfigurations = (
				4523F23113B7181900C883E5 /* Debug */,
				4523F23213B7181900C883E5 /* Release */,
			);
			defaultConfigurationIsVisible = 0;
			defaultConfigurationName = Release;
		};
/* End XCConfigurationList section */
	};
	rootObject = 4523F20C13B7181800C883E5 /* Project object */;
}
