// !$*UTF8*$!
{
	archiveVersion = 1;
	classes = {
	};
	objectVersion = 46;
	objects = {

/* Begin PBXBuildFile section */
		4523F21A13B7181800C883E5 /* UIKit.framework in Frameworks */ = {isa = PBXBuildFile; fileRef = 4523F21913B7181800C883E5 /* UIKit.framework */; };
		4523F21C13B7181900C883E5 /* Foundation.framework in Frameworks */ = {isa = PBXBuildFile; fileRef = 4523F21B13B7181900C883E5 /* Foundation.framework */; };
		4523F21E13B7181900C883E5 /* CoreGraphics.framework in Frameworks */ = {isa = PBXBuildFile; fileRef = 4523F21D13B7181900C883E5 /* CoreGraphics.framework */; };
		4523F22413B7181900C883E5 /* InfoPlist.strings in Resources */ = {isa = PBXBuildFile; fileRef = 4523F22213B7181900C883E5 /* InfoPlist.strings */; };
		4523F22713B7181900C883E5 /* main.m in Sources */ = {isa = PBXBuildFile; fileRef = 4523F22613B7181900C883E5 /* main.m */; };
		4523F22A13B7181900C883E5 /* DemoAppDelegate.m in Sources */ = {isa = PBXBuildFile; fileRef = 4523F22913B7181900C883E5 /* DemoAppDelegate.m */; };
		4523F22D13B7181900C883E5 /* MainWindow.xib in Resources */ = {isa = PBXBuildFile; fileRef = 4523F22B13B7181900C883E5 /* MainWindow.xib */; };
		4523F23613B7182600C883E5 /* VCThumbnailGridView.m in Sources */ = {isa = PBXBuildFile; fileRef = 4523F23513B7182600C883E5 /* VCThumbnailGridView.m */; };
		4523F23813B7190C00C883E5 /* QuartzCore.framework in Frameworks */ = {isa = PBXBuildFile; fileRef = 4523F23713B7190C00C883E5 /* QuartzCore.framework */; };
		45571C1C1403B0180019D8F9 /* VCResponseFetcher.m in Sources */ = {isa = PBXBuildFile; fileRef = 45571C111403B0180019D8F9 /* VCResponseFetcher.m */; };
		45571C1D1403B0180019D8F9 /* VCResponseFetchService.m in Sources */ = {isa = PBXBuildFile; fileRef = 45571C131403B0180019D8F9 /* VCResponseFetchService.m */; };
		458A7D6614042B87003223B4 /* VCDataResponseProcessor.m in Sources */ = {isa = PBXBuildFile; fileRef = 458A7D6314042B87003223B4 /* VCDataResponseProcessor.m */; };
		458A7D6714042B87003223B4 /* VCImageResponseProcessor.m in Sources */ = {isa = PBXBuildFile; fileRef = 458A7D6514042B87003223B4 /* VCImageResponseProcessor.m */; };
		45B7620813B7258A005ACEA1 /* RootViewController.m in Sources */ = {isa = PBXBuildFile; fileRef = 45B7620713B7258A005ACEA1 /* RootViewController.m */; };
		45B7622813B7280D005ACEA1 /* Icon.png in Resources */ = {isa = PBXBuildFile; fileRef = 45B7622713B7280D005ACEA1 /* Icon.png */; };
		45EFAD7A140271BC00A0D5E8 /* VCThumbnailViewCell.m in Sources */ = {isa = PBXBuildFile; fileRef = 45EFAD79140271BB00A0D5E8 /* VCThumbnailViewCell.m */; };
		45EFADB11402983300A0D5E8 /* check.png in Resources */ = {isa = PBXBuildFile; fileRef = 45EFADAE1402983300A0D5E8 /* check.png */; };
		45EFADB21402983300A0D5E8 /* check@2x.png in Resources */ = {isa = PBXBuildFile; fileRef = 45EFADAF1402983300A0D5E8 /* check@2x.png */; };
		45EFADB31402983300A0D5E8 /* Icon@2x.png in Resources */ = {isa = PBXBuildFile; fileRef = 45EFADB01402983300A0D5E8 /* Icon@2x.png */; };
		45F0C3901402CCAC0078569E /* VCThumbnailButton.m in Sources */ = {isa = PBXBuildFile; fileRef = 45F0C38F1402CCAC0078569E /* VCThumbnailButton.m */; };
/* End PBXBuildFile section */

/* Begin PBXFileReference section */
		4523F21513B7181800C883E5 /* Demo.app */ = {isa = PBXFileReference; explicitFileType = wrapper.application; includeInIndex = 0; path = Demo.app; sourceTree = BUILT_PRODUCTS_DIR; };
		4523F21913B7181800C883E5 /* UIKit.framework */ = {isa = PBXFileReference; lastKnownFileType = wrapper.framework; name = UIKit.framework; path = System/Library/Frameworks/UIKit.framework; sourceTree = SDKROOT; };
		4523F21B13B7181900C883E5 /* Foundation.framework */ = {isa = PBXFileReference; lastKnownFileType = wrapper.framework; name = Foundation.framework; path = System/Library/Frameworks/Foundation.framework; sourceTree = SDKROOT; };
		4523F21D13B7181900C883E5 /* CoreGraphics.framework */ = {isa = PBXFileReference; lastKnownFileType = wrapper.framework; name = CoreGraphics.framework; path = System/Library/Frameworks/CoreGraphics.framework; sourceTree = SDKROOT; };
		4523F22113B7181900C883E5 /* Demo-Info.plist */ = {isa = PBXFileReference; lastKnownFileType = text.plist.xml; path = "Demo-Info.plist"; sourceTree = "<group>"; };
		4523F22313B7181900C883E5 /* en */ = {isa = PBXFileReference; lastKnownFileType = text.plist.strings; name = en; path = en.lproj/InfoPlist.strings; sourceTree = "<group>"; };
		4523F22513B7181900C883E5 /* Demo-Prefix.pch */ = {isa = PBXFileReference; lastKnownFileType = sourcecode.c.h; path = "Demo-Prefix.pch"; sourceTree = "<group>"; };
		4523F22613B7181900C883E5 /* main.m */ = {isa = PBXFileReference; lastKnownFileType = sourcecode.c.objc; path = main.m; sourceTree = "<group>"; };
		4523F22813B7181900C883E5 /* DemoAppDelegate.h */ = {isa = PBXFileReference; lastKnownFileType = sourcecode.c.h; path = DemoAppDelegate.h; sourceTree = "<group>"; };
		4523F22913B7181900C883E5 /* DemoAppDelegate.m */ = {isa = PBXFileReference; lastKnownFileType = sourcecode.c.objc; path = DemoAppDelegate.m; sourceTree = "<group>"; };
		4523F22C13B7181900C883E5 /* en */ = {isa = PBXFileReference; lastKnownFileType = file.xib; name = en; path = en.lproj/MainWindow.xib; sourceTree = "<group>"; };
		4523F23413B7182600C883E5 /* VCThumbnailGridView.h */ = {isa = PBXFileReference; fileEncoding = 4; lastKnownFileType = sourcecode.c.h; path = VCThumbnailGridView.h; sourceTree = "<group>"; };
		4523F23513B7182600C883E5 /* VCThumbnailGridView.m */ = {isa = PBXFileReference; fileEncoding = 4; lastKnownFileType = sourcecode.c.objc; path = VCThumbnailGridView.m; sourceTree = "<group>"; };
		4523F23713B7190C00C883E5 /* QuartzCore.framework */ = {isa = PBXFileReference; lastKnownFileType = wrapper.framework; name = QuartzCore.framework; path = System/Library/Frameworks/QuartzCore.framework; sourceTree = SDKROOT; };
		45571C0F1403B0180019D8F9 /* VCDataProcessorDelegate.h */ = {isa = PBXFileReference; fileEncoding = 4; lastKnownFileType = sourcecode.c.h; path = VCDataProcessorDelegate.h; sourceTree = "<group>"; };
		45571C101403B0180019D8F9 /* VCResponseFetcher.h */ = {isa = PBXFileReference; fileEncoding = 4; lastKnownFileType = sourcecode.c.h; path = VCResponseFetcher.h; sourceTree = "<group>"; };
		45571C111403B0180019D8F9 /* VCResponseFetcher.m */ = {isa = PBXFileReference; fileEncoding = 4; lastKnownFileType = sourcecode.c.objc; path = VCResponseFetcher.m; sourceTree = "<group>"; };
		45571C121403B0180019D8F9 /* VCResponseFetchService.h */ = {isa = PBXFileReference; fileEncoding = 4; lastKnownFileType = sourcecode.c.h; path = VCResponseFetchService.h; sourceTree = "<group>"; };
		45571C131403B0180019D8F9 /* VCResponseFetchService.m */ = {isa = PBXFileReference; fileEncoding = 4; lastKnownFileType = sourcecode.c.objc; path = VCResponseFetchService.m; sourceTree = "<group>"; };
		45571C141403B0180019D8F9 /* VCResponseFetchServiceDelegate.h */ = {isa = PBXFileReference; fileEncoding = 4; lastKnownFileType = sourcecode.c.h; path = VCResponseFetchServiceDelegate.h; sourceTree = "<group>"; };
		458A7D6214042B87003223B4 /* VCDataResponseProcessor.h */ = {isa = PBXFileReference; fileEncoding = 4; lastKnownFileType = sourcecode.c.h; path = VCDataResponseProcessor.h; sourceTree = "<group>"; };
		458A7D6314042B87003223B4 /* VCDataResponseProcessor.m */ = {isa = PBXFileReference; fileEncoding = 4; lastKnownFileType = sourcecode.c.objc; path = VCDataResponseProcessor.m; sourceTree = "<group>"; };
		458A7D6414042B87003223B4 /* VCImageResponseProcessor.h */ = {isa = PBXFileReference; fileEncoding = 4; lastKnownFileType = sourcecode.c.h; path = VCImageResponseProcessor.h; sourceTree = "<group>"; };
		458A7D6514042B87003223B4 /* VCImageResponseProcessor.m */ = {isa = PBXFileReference; fileEncoding = 4; lastKnownFileType = sourcecode.c.objc; path = VCImageResponseProcessor.m; sourceTree = "<group>"; };
		45B7620613B7258A005ACEA1 /* RootViewController.h */ = {isa = PBXFileReference; fileEncoding = 4; lastKnownFileType = sourcecode.c.h; path = RootViewController.h; sourceTree = "<group>"; };
		45B7620713B7258A005ACEA1 /* RootViewController.m */ = {isa = PBXFileReference; fileEncoding = 4; lastKnownFileType = sourcecode.c.objc; path = RootViewController.m; sourceTree = "<group>"; };
		45B7622713B7280D005ACEA1 /* Icon.png */ = {isa = PBXFileReference; lastKnownFileType = image.png; path = Icon.png; sourceTree = "<group>"; };
		45EFAD78140271BB00A0D5E8 /* VCThumbnailViewCell.h */ = {isa = PBXFileReference; fileEncoding = 4; lastKnownFileType = sourcecode.c.h; path = VCThumbnailViewCell.h; sourceTree = "<group>"; };
		45EFAD79140271BB00A0D5E8 /* VCThumbnailViewCell.m */ = {isa = PBXFileReference; fileEncoding = 4; lastKnownFileType = sourcecode.c.objc; path = VCThumbnailViewCell.m; sourceTree = "<group>"; };
		45EFADAE1402983300A0D5E8 /* check.png */ = {isa = PBXFileReference; lastKnownFileType = image.png; path = check.png; sourceTree = "<group>"; };
		45EFADAF1402983300A0D5E8 /* check@2x.png */ = {isa = PBXFileReference; lastKnownFileType = image.png; path = "check@2x.png"; sourceTree = "<group>"; };
		45EFADB01402983300A0D5E8 /* Icon@2x.png */ = {isa = PBXFileReference; lastKnownFileType = image.png; path = "Icon@2x.png"; sourceTree = "<group>"; };
		45F0C38E1402CCAC0078569E /* VCThumbnailButton.h */ = {isa = PBXFileReference; fileEncoding = 4; lastKnownFileType = sourcecode.c.h; path = VCThumbnailButton.h; sourceTree = "<group>"; };
		45F0C38F1402CCAC0078569E /* VCThumbnailButton.m */ = {isa = PBXFileReference; fileEncoding = 4; lastKnownFileType = sourcecode.c.objc; path = VCThumbnailButton.m; sourceTree = "<group>"; };
/* End PBXFileReference section */

/* Begin PBXFrameworksBuildPhase section */
		4523F21213B7181800C883E5 /* Frameworks */ = {
			isa = PBXFrameworksBuildPhase;
			buildActionMask = 2147483647;
			files = (
				4523F23813B7190C00C883E5 /* QuartzCore.framework in Frameworks */,
				4523F21A13B7181800C883E5 /* UIKit.framework in Frameworks */,
				4523F21C13B7181900C883E5 /* Foundation.framework in Frameworks */,
				4523F21E13B7181900C883E5 /* CoreGraphics.framework in Frameworks */,
			);
			runOnlyForDeploymentPostprocessing = 0;
		};
/* End PBXFrameworksBuildPhase section */

/* Begin PBXGroup section */
		4523F20A13B7181800C883E5 = {
			isa = PBXGroup;
			children = (
				4523F21F13B7181900C883E5 /* Demo */,
				4523F21813B7181800C883E5 /* Frameworks */,
				4523F21613B7181800C883E5 /* Products */,
			);
			sourceTree = "<group>";
		};
		4523F21613B7181800C883E5 /* Products */ = {
			isa = PBXGroup;
			children = (
				4523F21513B7181800C883E5 /* Demo.app */,
			);
			name = Products;
			sourceTree = "<group>";
		};
		4523F21813B7181800C883E5 /* Frameworks */ = {
			isa = PBXGroup;
			children = (
				4523F23713B7190C00C883E5 /* QuartzCore.framework */,
				4523F21913B7181800C883E5 /* UIKit.framework */,
				4523F21B13B7181900C883E5 /* Foundation.framework */,
				4523F21D13B7181900C883E5 /* CoreGraphics.framework */,
			);
			name = Frameworks;
			sourceTree = "<group>";
		};
		4523F21F13B7181900C883E5 /* Demo */ = {
			isa = PBXGroup;
			children = (
				4523F23313B7182600C883E5 /* VCThumbnailGridView */,
				45B7620613B7258A005ACEA1 /* RootViewController.h */,
				45B7620713B7258A005ACEA1 /* RootViewController.m */,
				4523F22813B7181900C883E5 /* DemoAppDelegate.h */,
				4523F22913B7181900C883E5 /* DemoAppDelegate.m */,
				4523F22B13B7181900C883E5 /* MainWindow.xib */,
				45571C0D1403B0180019D8F9 /* External */,
				4523F22013B7181900C883E5 /* Supporting Files */,
				45B7622613B7280D005ACEA1 /* Resources */,
			);
			path = Demo;
			sourceTree = "<group>";
		};
		4523F22013B7181900C883E5 /* Supporting Files */ = {
			isa = PBXGroup;
			children = (
				4523F22113B7181900C883E5 /* Demo-Info.plist */,
				4523F22213B7181900C883E5 /* InfoPlist.strings */,
				4523F22513B7181900C883E5 /* Demo-Prefix.pch */,
				4523F22613B7181900C883E5 /* main.m */,
			);
			name = "Supporting Files";
			sourceTree = "<group>";
		};
		4523F23313B7182600C883E5 /* VCThumbnailGridView */ = {
			isa = PBXGroup;
			children = (
				45F0C38E1402CCAC0078569E /* VCThumbnailButton.h */,
				45F0C38F1402CCAC0078569E /* VCThumbnailButton.m */,
				45EFAD78140271BB00A0D5E8 /* VCThumbnailViewCell.h */,
				45EFAD79140271BB00A0D5E8 /* VCThumbnailViewCell.m */,
				4523F23413B7182600C883E5 /* VCThumbnailGridView.h */,
				4523F23513B7182600C883E5 /* VCThumbnailGridView.m */,
			);
			name = VCThumbnailGridView;
			path = ../../VCThumbnailGridView;
			sourceTree = "<group>";
		};
		45571C0D1403B0180019D8F9 /* External */ = {
			isa = PBXGroup;
			children = (
				45571C0E1403B0180019D8F9 /* VCResponseFetcher */,
				45571C151403B0180019D8F9 /* VCResponseProcessors */,
			);
			path = External;
			sourceTree = "<group>";
		};
		45571C0E1403B0180019D8F9 /* VCResponseFetcher */ = {
			isa = PBXGroup;
			children = (
				45571C0F1403B0180019D8F9 /* VCDataProcessorDelegate.h */,
				45571C101403B0180019D8F9 /* VCResponseFetcher.h */,
				45571C111403B0180019D8F9 /* VCResponseFetcher.m */,
				45571C121403B0180019D8F9 /* VCResponseFetchService.h */,
				45571C131403B0180019D8F9 /* VCResponseFetchService.m */,
				45571C141403B0180019D8F9 /* VCResponseFetchServiceDelegate.h */,
			);
			path = VCResponseFetcher;
			sourceTree = "<group>";
		};
		45571C151403B0180019D8F9 /* VCResponseProcessors */ = {
			isa = PBXGroup;
			children = (
				458A7D6214042B87003223B4 /* VCDataResponseProcessor.h */,
				458A7D6314042B87003223B4 /* VCDataResponseProcessor.m */,
				458A7D6414042B87003223B4 /* VCImageResponseProcessor.h */,
				458A7D6514042B87003223B4 /* VCImageResponseProcessor.m */,
			);
			path = VCResponseProcessors;
			sourceTree = "<group>";
		};
		45B7622613B7280D005ACEA1 /* Resources */ = {
			isa = PBXGroup;
			children = (
				45EFADAE1402983300A0D5E8 /* check.png */,
				45EFADAF1402983300A0D5E8 /* check@2x.png */,
				45EFADB01402983300A0D5E8 /* Icon@2x.png */,
				45B7622713B7280D005ACEA1 /* Icon.png */,
			);
			path = Resources;
			sourceTree = "<group>";
		};
/* End PBXGroup section */

/* Begin PBXNativeTarget section */
		4523F21413B7181800C883E5 /* Demo */ = {
			isa = PBXNativeTarget;
			buildConfigurationList = 4523F23013B7181900C883E5 /* Build configuration list for PBXNativeTarget "Demo" */;
			buildPhases = (
				4523F21113B7181800C883E5 /* Sources */,
				4523F21213B7181800C883E5 /* Frameworks */,
				4523F21313B7181800C883E5 /* Resources */,
			);
			buildRules = (
			);
			dependencies = (
			);
			name = Demo;
			productName = Demo;
			productReference = 4523F21513B7181800C883E5 /* Demo.app */;
			productType = "com.apple.product-type.application";
		};
/* End PBXNativeTarget section */

/* Begin PBXProject section */
		4523F20C13B7181800C883E5 /* Project object */ = {
			isa = PBXProject;
			attributes = {
				ORGANIZATIONNAME = "Vinay Chavan";
			};
			buildConfigurationList = 4523F20F13B7181800C883E5 /* Build configuration list for PBXProject "Demo" */;
			compatibilityVersion = "Xcode 3.2";
			developmentRegion = English;
			hasScannedForEncodings = 0;
			knownRegions = (
				en,
			);
			mainGroup = 4523F20A13B7181800C883E5;
			productRefGroup = 4523F21613B7181800C883E5 /* Products */;
			projectDirPath = "";
			projectRoot = "";
			targets = (
				4523F21413B7181800C883E5 /* Demo */,
			);
		};
/* End PBXProject section */

/* Begin PBXResourcesBuildPhase section */
		4523F21313B7181800C883E5 /* Resources */ = {
			isa = PBXResourcesBuildPhase;
			buildActionMask = 2147483647;
			files = (
				4523F22413B7181900C883E5 /* InfoPlist.strings in Resources */,
				4523F22D13B7181900C883E5 /* MainWindow.xib in Resources */,
				45B7622813B7280D005ACEA1 /* Icon.png in Resources */,
				45EFADB11402983300A0D5E8 /* check.png in Resources */,
				45EFADB21402983300A0D5E8 /* check@2x.png in Resources */,
				45EFADB31402983300A0D5E8 /* Icon@2x.png in Resources */,
			);
			runOnlyForDeploymentPostprocessing = 0;
		};
/* End PBXResourcesBuildPhase section */

/* Begin PBXSourcesBuildPhase section */
		4523F21113B7181800C883E5 /* Sources */ = {
			isa = PBXSourcesBuildPhase;
			buildActionMask = 2147483647;
			files = (
				4523F22713B7181900C883E5 /* main.m in Sources */,
				4523F22A13B7181900C883E5 /* DemoAppDelegate.m in Sources */,
				4523F23613B7182600C883E5 /* VCThumbnailGridView.m in Sources */,
				45B7620813B7258A005ACEA1 /* RootViewController.m in Sources */,
				45EFAD7A140271BC00A0D5E8 /* VCThumbnailViewCell.m in Sources */,
				45F0C3901402CCAC0078569E /* VCThumbnailButton.m in Sources */,
				45571C1C1403B0180019D8F9 /* VCResponseFetcher.m in Sources */,
				45571C1D1403B0180019D8F9 /* VCResponseFetchService.m in Sources */,
				458A7D6614042B87003223B4 /* VCDataResponseProcessor.m in Sources */,
				458A7D6714042B87003223B4 /* VCImageResponseProcessor.m in Sources */,
			);
			runOnlyForDeploymentPostprocessing = 0;
		};
/* End PBXSourcesBuildPhase section */

/* Begin PBXVariantGroup section */
		4523F22213B7181900C883E5 /* InfoPlist.strings */ = {
			isa = PBXVariantGroup;
			children = (
				4523F22313B7181900C883E5 /* en */,
			);
			name = InfoPlist.strings;
			sourceTree = "<group>";
		};
		4523F22B13B7181900C883E5 /* MainWindow.xib */ = {
			isa = PBXVariantGroup;
			children = (
				4523F22C13B7181900C883E5 /* en */,
			);
			name = MainWindow.xib;
			sourceTree = "<group>";
		};
/* End PBXVariantGroup section */

/* Begin XCBuildConfiguration section */
		4523F22E13B7181900C883E5 /* Debug */ = {
			isa = XCBuildConfiguration;
			buildSettings = {
				ARCHS = "$(ARCHS_STANDARD_32_BIT)";
				"CODE_SIGN_IDENTITY[sdk=iphoneos*]" = "iPhone Developer";
				GCC_C_LANGUAGE_STANDARD = gnu99;
				GCC_OPTIMIZATION_LEVEL = 0;
				GCC_PREPROCESSOR_DEFINITIONS = DEBUG;
				GCC_SYMBOLS_PRIVATE_EXTERN = NO;
				GCC_VERSION = com.apple.compilers.llvmgcc42;
				GCC_WARN_ABOUT_RETURN_TYPE = YES;
				GCC_WARN_UNUSED_VARIABLE = YES;
				IPHONEOS_DEPLOYMENT_TARGET = 4.3;
				SDKROOT = iphoneos;
			};
			name = Debug;
		};
		4523F22F13B7181900C883E5 /* Release */ = {
			isa = XCBuildConfiguration;
			buildSettings = {
				ARCHS = "$(ARCHS_STANDARD_32_BIT)";
				"CODE_SIGN_IDENTITY[sdk=iphoneos*]" = "iPhone Developer";
				GCC_C_LANGUAGE_STANDARD = gnu99;
				GCC_VERSION = com.apple.compilers.llvmgcc42;
				GCC_WARN_ABOUT_RETURN_TYPE = YES;
				GCC_WARN_UNUSED_VARIABLE = YES;
				IPHONEOS_DEPLOYMENT_TARGET = 4.3;
				OTHER_CFLAGS = "-DNS_BLOCK_ASSERTIONS=1";
				SDKROOT = iphoneos;
			};
			name = Release;
		};
		4523F23113B7181900C883E5 /* Debug */ = {
			isa = XCBuildConfiguration;
			buildSettings = {
				ALWAYS_SEARCH_USER_PATHS = NO;
				COPY_PHASE_STRIP = NO;
				GCC_DYNAMIC_NO_PIC = NO;
				GCC_PRECOMPILE_PREFIX_HEADER = YES;
				GCC_PREFIX_HEADER = "Demo/Demo-Prefix.pch";
				INFOPLIST_FILE = "Demo/Demo-Info.plist";
				PRODUCT_NAME = "$(TARGET_NAME)";
				WRAPPER_EXTENSION = app;
			};
			name = Debug;
		};
		4523F23213B7181900C883E5 /* Release */ = {
			isa = XCBuildConfiguration;
			buildSettings = {
				ALWAYS_SEARCH_USER_PATHS = NO;
				COPY_PHASE_STRIP = YES;
				GCC_PRECOMPILE_PREFIX_HEADER = YES;
				GCC_PREFIX_HEADER = "Demo/Demo-Prefix.pch";
				INFOPLIST_FILE = "Demo/Demo-Info.plist";
				PRODUCT_NAME = "$(TARGET_NAME)";
				VALIDATE_PRODUCT = YES;
				WRAPPER_EXTENSION = app;
			};
			name = Release;
		};
/* End XCBuildConfiguration section */

/* Begin XCConfigurationList section */
		4523F20F13B7181800C883E5 /* Build configuration list for PBXProject "Demo" */ = {
			isa = XCConfigurationList;
			buildConfigurations = (
				4523F22E13B7181900C883E5 /* Debug */,
				4523F22F13B7181900C883E5 /* Release */,
			);
			defaultConfigurationIsVisible = 0;
			defaultConfigurationName = Release;
		};
		4523F23013B7181900C883E5 /* Build configuration list for PBXNativeTarget "Demo" */ = {
			isa = XCConfigurationList;
			buildConfigurations = (
				4523F23113B7181900C883E5 /* Debug */,
				4523F23213B7181900C883E5 /* Release */,
			);
			defaultConfigurationIsVisible = 0;
			defaultConfigurationName = Release;
		};
/* End XCConfigurationList section */
	};
	rootObject = 4523F20C13B7181800C883E5 /* Project object */;
}
